
Microsoft Visual Studio Solution File, Format Version 12.00
# Visual Studio Version 16
VisualStudioVersion = 16.0.29123.88
MinimumVisualStudioVersion = 10.0.40219.1
Project("{9A19103F-16F7-4668-BE54-9A1E7A4F7556}") = "WEB", "WEB.csproj", "{1E9562FC-5703-43F7-B522-CE5AD6126467}"
EndProject
Project("{9A19103F-16F7-4668-BE54-9A1E7A4F7556}") = "ServiceDLL", "..\ServiceDLL\ServiceDLL.csproj", "{FD146DE0-D72A-467A-BC49-3FF75BD4AAA4}"
EndProject
Global
	GlobalSection(SolutionConfigurationPlatforms) = preSolution
		Debug|Any CPU = Debug|Any CPU
		Release|Any CPU = Release|Any CPU
	EndGlobalSection
	GlobalSection(ProjectConfigurationPlatforms) = postSolution
		{1E9562FC-5703-43F7-B522-CE5AD6126467}.Debug|Any CPU.ActiveCfg = Debug|Any CPU
		{1E9562FC-5703-43F7-B522-CE5AD6126467}.Debug|Any CPU.Build.0 = Debug|Any CPU
		{1E9562FC-5703-43F7-B522-CE5AD6126467}.Release|Any CPU.ActiveCfg = Release|Any CPU
		{1E9562FC-5703-43F7-B522-CE5AD6126467}.Release|Any CPU.Build.0 = Release|Any CPU
		{FD146DE0-D72A-467A-BC49-3FF75BD4AAA4}.Debug|Any CPU.ActiveCfg = Debug|Any CPU
		{FD146DE0-D72A-467A-BC49-3FF75BD4AAA4}.Debug|Any CPU.Build.0 = Debug|Any CPU
		{FD146DE0-D72A-467A-BC49-3FF75BD4AAA4}.Release|Any CPU.ActiveCfg = Release|Any CPU
		{FD146DE0-D72A-467A-BC49-3FF75BD4AAA4}.Release|Any CPU.Build.0 = Release|Any CPU
	EndGlobalSection
	GlobalSection(SolutionProperties) = preSolution
		HideSolutionNode = FALSE
	EndGlobalSection
	GlobalSection(ExtensibilityGlobals) = postSolution
		SolutionGuid = {BE395E04-8DC7-43D8-9029-8F6C73D2BB47}
	EndGlobalSection
EndGlobal
